// !$*UTF8*$!
{
	archiveVersion = 1;
	classes = {
	};
	objectVersion = 55;
	objects = {

/* Begin PBXBuildFile section */
		4247573B2A2DEF5800537EC2 /* GrowingCoreKit.framework in Frameworks */ = {isa = PBXBuildFile; fileRef = 4247573A2A2DEF5800537EC2 /* GrowingCoreKit.framework */; };
		42EFFA782A2DC90F00DB8A9B /* GrowingIOAPICloudPlugin.m in Sources */ = {isa = PBXBuildFile; fileRef = 42EFFA772A2DC90F00DB8A9B /* GrowingIOAPICloudPlugin.m */; };
/* End PBXBuildFile section */

/* Begin PBXCopyFilesBuildPhase section */
		42EFFA712A2DC90F00DB8A9B /* CopyFiles */ = {
			isa = PBXCopyFilesBuildPhase;
			buildActionMask = 2147483647;
			dstPath = "include/$(PRODUCT_NAME)";
			dstSubfolderSpec = 16;
			files = (
			);
			runOnlyForDeploymentPostprocessing = 0;
		};
/* End PBXCopyFilesBuildPhase section */

/* Begin PBXFileReference section */
		4247573A2A2DEF5800537EC2 /* GrowingCoreKit.framework */ = {isa = PBXFileReference; lastKnownFileType = wrapper.framework; path = GrowingCoreKit.framework; sourceTree = "<group>"; };
		42EFFA732A2DC90F00DB8A9B /* libGrowingIOAPICloudPlugin.a */ = {isa = PBXFileReference; explicitFileType = archive.ar; includeInIndex = 0; path = libGrowingIOAPICloudPlugin.a; sourceTree = BUILT_PRODUCTS_DIR; };
		42EFFA762A2DC90F00DB8A9B /* GrowingIOAPICloudPlugin.h */ = {isa = PBXFileReference; lastKnownFileType = sourcecode.c.h; path = GrowingIOAPICloudPlugin.h; sourceTree = "<group>"; };
		42EFFA772A2DC90F00DB8A9B /* GrowingIOAPICloudPlugin.m */ = {isa = PBXFileReference; lastKnownFileType = sourcecode.c.objc; path = GrowingIOAPICloudPlugin.m; sourceTree = "<group>"; };
		42EFFAAE2A2DE7C400DB8A9B /* UIViewControllerExtension.h */ = {isa = PBXFileReference; fileEncoding = 4; lastKnownFileType = sourcecode.c.h; path = UIViewControllerExtension.h; sourceTree = "<group>"; };
		42EFFAAF2A2DE7C400DB8A9B /* UZURLTask.h */ = {isa = PBXFileReference; fileEncoding = 4; lastKnownFileType = sourcecode.c.h; path = UZURLTask.h; sourceTree = "<group>"; };
		42EFFAB02A2DE7C400DB8A9B /* UZModule.h */ = {isa = PBXFileReference; fileEncoding = 4; lastKnownFileType = sourcecode.c.h; path = UZModule.h; sourceTree = "<group>"; };
		42EFFAB12A2DE7C400DB8A9B /* UZAppDelegate.h */ = {isa = PBXFileReference; fileEncoding = 4; lastKnownFileType = sourcecode.c.h; path = UZAppDelegate.h; sourceTree = "<group>"; };
		42EFFAB22A2DE7C400DB8A9B /* UZAppUtils.h */ = {isa = PBXFileReference; fileEncoding = 4; lastKnownFileType = sourcecode.c.h; path = UZAppUtils.h; sourceTree = "<group>"; };
		42EFFAB32A2DE7C400DB8A9B /* NSDictionaryUtils.h */ = {isa = PBXFileReference; fileEncoding = 4; lastKnownFileType = sourcecode.c.h; path = NSDictionaryUtils.h; sourceTree = "<group>"; };
/* End PBXFileReference section */

/* Begin PBXFrameworksBuildPhase section */
		42EFFA702A2DC90F00DB8A9B /* Frameworks */ = {
			isa = PBXFrameworksBuildPhase;
			buildActionMask = 2147483647;
			files = (
				4247573B2A2DEF5800537EC2 /* GrowingCoreKit.framework in Frameworks */,
			);
			runOnlyForDeploymentPostprocessing = 0;
		};
/* End PBXFrameworksBuildPhase section */

/* Begin PBXGroup section */
		42EFFA6A2A2DC90F00DB8A9B = {
			isa = PBXGroup;
			children = (
				42EFFA752A2DC90F00DB8A9B /* GrowingIOAPICloudPlugin */,
				42EFFA742A2DC90F00DB8A9B /* Products */,
			);
			sourceTree = "<group>";
		};
		42EFFA742A2DC90F00DB8A9B /* Products */ = {
			isa = PBXGroup;
			children = (
				42EFFA732A2DC90F00DB8A9B /* libGrowingIOAPICloudPlugin.a */,
			);
			name = Products;
			sourceTree = "<group>";
		};
		42EFFA752A2DC90F00DB8A9B /* GrowingIOAPICloudPlugin */ = {
			isa = PBXGroup;
			children = (
				4247573A2A2DEF5800537EC2 /* GrowingCoreKit.framework */,
				42EFFAAD2A2DE7C400DB8A9B /* UZEngine */,
				42EFFA762A2DC90F00DB8A9B /* GrowingIOAPICloudPlugin.h */,
				42EFFA772A2DC90F00DB8A9B /* GrowingIOAPICloudPlugin.m */,
			);
			path = GrowingIOAPICloudPlugin;
			sourceTree = "<group>";
		};
		42EFFAAD2A2DE7C400DB8A9B /* UZEngine */ = {
			isa = PBXGroup;
			children = (
				42EFFAAE2A2DE7C400DB8A9B /* UIViewControllerExtension.h */,
				42EFFAAF2A2DE7C400DB8A9B /* UZURLTask.h */,
				42EFFAB02A2DE7C400DB8A9B /* UZModule.h */,
				42EFFAB12A2DE7C400DB8A9B /* UZAppDelegate.h */,
				42EFFAB22A2DE7C400DB8A9B /* UZAppUtils.h */,
				42EFFAB32A2DE7C400DB8A9B /* NSDictionaryUtils.h */,
			);
			path = UZEngine;
			sourceTree = "<group>";
		};
/* End PBXGroup section */

/* Begin PBXNativeTarget section */
		42EFFA722A2DC90F00DB8A9B /* GrowingIOAPICloudPlugin */ = {
			isa = PBXNativeTarget;
			buildConfigurationList = 42EFFA7C2A2DC90F00DB8A9B /* Build configuration list for PBXNativeTarget "GrowingIOAPICloudPlugin" */;
			buildPhases = (
				42EFFA6F2A2DC90F00DB8A9B /* Sources */,
				42EFFA702A2DC90F00DB8A9B /* Frameworks */,
				42EFFA712A2DC90F00DB8A9B /* CopyFiles */,
			);
			buildRules = (
			);
			dependencies = (
			);
			name = GrowingIOAPICloudPlugin;
			productName = GrowingIOAPICloudPlugin;
			productReference = 42EFFA732A2DC90F00DB8A9B /* libGrowingIOAPICloudPlugin.a */;
			productType = "com.apple.product-type.library.static";
		};
/* End PBXNativeTarget section */

/* Begin PBXProject section */
		42EFFA6B2A2DC90F00DB8A9B /* Project object */ = {
			isa = PBXProject;
			attributes = {
				BuildIndependentTargetsInParallel = 1;
				LastUpgradeCheck = 1310;
				TargetAttributes = {
					42EFFA722A2DC90F00DB8A9B = {
						CreatedOnToolsVersion = 13.1;
					};
				};
			};
			buildConfigurationList = 42EFFA6E2A2DC90F00DB8A9B /* Build configuration list for PBXProject "GrowingIOAPICloudPlugin" */;
			compatibilityVersion = "Xcode 13.0";
			developmentRegion = en;
			hasScannedForEncodings = 0;
			knownRegions = (
				en,
				Base,
			);
			mainGroup = 42EFFA6A2A2DC90F00DB8A9B;
			productRefGroup = 42EFFA742A2DC90F00DB8A9B /* Products */;
			projectDirPath = "";
			projectRoot = "";
			targets = (
				42EFFA722A2DC90F00DB8A9B /* GrowingIOAPICloudPlugin */,
			);
		};
/* End PBXProject section */

/* Begin PBXSourcesBuildPhase section */
		42EFFA6F2A2DC90F00DB8A9B /* Sources */ = {
			isa = PBXSourcesBuildPhase;
			buildActionMask = 2147483647;
			files = (
				42EFFA782A2DC90F00DB8A9B /* GrowingIOAPICloudPlugin.m in Sources */,
			);
			runOnlyForDeploymentPostprocessing = 0;
		};
/* End PBXSourcesBuildPhase section */

/* Begin XCBuildConfiguration section */
		42EFFA7A2A2DC90F00DB8A9B /* Debug */ = {
			isa = XCBuildConfiguration;
			buildSettings = {
				ALWAYS_SEARCH_USER_PATHS = NO;
				CLANG_ANALYZER_NONNULL = YES;
				CLANG_ANALYZER_NUMBER_OBJECT_CONVERSION = YES_AGGRESSIVE;
				CLANG_CXX_LANGUAGE_STANDARD = "gnu++17";
				CLANG_CXX_LIBRARY = "libc++";
				CLANG_ENABLE_MODULES = YES;
				CLANG_ENABLE_OBJC_ARC = YES;
				CLANG_ENABLE_OBJC_WEAK = YES;
				CLANG_WARN_BLOCK_CAPTURE_AUTORELEASING = YES;
				CLANG_WARN_BOOL_CONVERSION = YES;
				CLANG_WARN_COMMA = YES;
				CLANG_WARN_CONSTANT_CONVERSION = YES;
				CLANG_WARN_DEPRECATED_OBJC_IMPLEMENTATIONS = YES;
				CLANG_WARN_DIRECT_OBJC_ISA_USAGE = YES_ERROR;
				CLANG_WARN_DOCUMENTATION_COMMENTS = YES;
				CLANG_WARN_EMPTY_BODY = YES;
				CLANG_WARN_ENUM_CONVERSION = YES;
				CLANG_WARN_INFINITE_RECURSION = YES;
				CLANG_WARN_INT_CONVERSION = YES;
				CLANG_WARN_NON_LITERAL_NULL_CONVERSION = YES;
				CLANG_WARN_OBJC_IMPLICIT_RETAIN_SELF = YES;
				CLANG_WARN_OBJC_LITERAL_CONVERSION = YES;
				CLANG_WARN_OBJC_ROOT_CLASS = YES_ERROR;
				CLANG_WARN_QUOTED_INCLUDE_IN_FRAMEWORK_HEADER = YES;
				CLANG_WARN_RANGE_LOOP_ANALYSIS = YES;
				CLANG_WARN_STRICT_PROTOTYPES = YES;
				CLANG_WARN_SUSPICIOUS_MOVE = YES;
				CLANG_WARN_UNGUARDED_AVAILABILITY = YES_AGGRESSIVE;
				CLANG_WARN_UNREACHABLE_CODE = YES;
				CLANG_WARN__DUPLICATE_METHOD_MATCH = YES;
				COPY_PHASE_STRIP = NO;
				DEBUG_INFORMATION_FORMAT = dwarf;
				ENABLE_STRICT_OBJC_MSGSEND = YES;
				ENABLE_TESTABILITY = YES;
				GCC_C_LANGUAGE_STANDARD = gnu11;
				GCC_DYNAMIC_NO_PIC = NO;
				GCC_NO_COMMON_BLOCKS = YES;
				GCC_OPTIMIZATION_LEVEL = 0;
				GCC_PREPROCESSOR_DEFINITIONS = (
					"DEBUG=1",
					"$(inherited)",
				);
				GCC_WARN_64_TO_32_BIT_CONVERSION = YES;
				GCC_WARN_ABOUT_RETURN_TYPE = YES_ERROR;
				GCC_WARN_UNDECLARED_SELECTOR = YES;
				GCC_WARN_UNINITIALIZED_AUTOS = YES_AGGRESSIVE;
				GCC_WARN_UNUSED_FUNCTION = YES;
				GCC_WARN_UNUSED_VARIABLE = YES;
				IPHONEOS_DEPLOYMENT_TARGET = 9.0;
				MTL_ENABLE_DEBUG_INFO = INCLUDE_SOURCE;
				MTL_FAST_MATH = YES;
				ONLY_ACTIVE_ARCH = NO;
				SDKROOT = iphoneos;
				USER_HEADER_SEARCH_PATHS = "";
			};
			name = Debug;
		};
		42EFFA7B2A2DC90F00DB8A9B /* Release */ = {
			isa = XCBuildConfiguration;
			buildSettings = {
				ALWAYS_SEARCH_USER_PATHS = NO;
				CLANG_ANALYZER_NONNULL = YES;
				CLANG_ANALYZER_NUMBER_OBJECT_CONVERSION = YES_AGGRESSIVE;
				CLANG_CXX_LANGUAGE_STANDARD = "gnu++17";
				CLANG_CXX_LIBRARY = "libc++";
				CLANG_ENABLE_MODULES = YES;
				CLANG_ENABLE_OBJC_ARC = YES;
				CLANG_ENABLE_OBJC_WEAK = YES;
				CLANG_WARN_BLOCK_CAPTURE_AUTORELEASING = YES;
				CLANG_WARN_BOOL_CONVERSION = YES;
				CLANG_WARN_COMMA = YES;
				CLANG_WARN_CONSTANT_CONVERSION = YES;
				CLANG_WARN_DEPRECATED_OBJC_IMPLEMENTATIONS = YES;
				CLANG_WARN_DIRECT_OBJC_ISA_USAGE = YES_ERROR;
				CLANG_WARN_DOCUMENTATION_COMMENTS = YES;
				CLANG_WARN_EMPTY_BODY = YES;
				CLANG_WARN_ENUM_CONVERSION = YES;
				CLANG_WARN_INFINITE_RECURSION = YES;
				CLANG_WARN_INT_CONVERSION = YES;
				CLANG_WARN_NON_LITERAL_NULL_CONVERSION = YES;
				CLANG_WARN_OBJC_IMPLICIT_RETAIN_SELF = YES;
				CLANG_WARN_OBJC_LITERAL_CONVERSION = YES;
				CLANG_WARN_OBJC_ROOT_CLASS = YES_ERROR;
				CLANG_WARN_QUOTED_INCLUDE_IN_FRAMEWORK_HEADER = YES;
				CLANG_WARN_RANGE_LOOP_ANALYSIS = YES;
				CLANG_WARN_STRICT_PROTOTYPES = YES;
				CLANG_WARN_SUSPICIOUS_MOVE = YES;
				CLANG_WARN_UNGUARDED_AVAILABILITY = YES_AGGRESSIVE;
				CLANG_WARN_UNREACHABLE_CODE = YES;
				CLANG_WARN__DUPLICATE_METHOD_MATCH = YES;
				COPY_PHASE_STRIP = NO;
				DEBUG_INFORMATION_FORMAT = "dwarf-with-dsym";
				ENABLE_NS_ASSERTIONS = NO;
				ENABLE_STRICT_OBJC_MSGSEND = YES;
				GCC_C_LANGUAGE_STANDARD = gnu11;
				GCC_NO_COMMON_BLOCKS = YES;
				GCC_WARN_64_TO_32_BIT_CONVERSION = YES;
				GCC_WARN_ABOUT_RETURN_TYPE = YES_ERROR;
				GCC_WARN_UNDECLARED_SELECTOR = YES;
				GCC_WARN_UNINITIALIZED_AUTOS = YES_AGGRESSIVE;
				GCC_WARN_UNUSED_FUNCTION = YES;
				GCC_WARN_UNUSED_VARIABLE = YES;
				IPHONEOS_DEPLOYMENT_TARGET = 9.0;
				MTL_ENABLE_DEBUG_INFO = NO;
				MTL_FAST_MATH = YES;
				ONLY_ACTIVE_ARCH = NO;
				SDKROOT = iphoneos;
				USER_HEADER_SEARCH_PATHS = "";
				VALIDATE_PRODUCT = YES;
			};
			name = Release;
		};
		42EFFA7D2A2DC90F00DB8A9B /* Debug */ = {
			isa = XCBuildConfiguration;
			buildSettings = {
				CODE_SIGN_STYLE = Automatic;
				DEVELOPMENT_TEAM = SXBU677CPT;
				EXCLUDED_ARCHS = "";
				"EXCLUDED_ARCHS[sdk=iphonesimulator*]" = arm64;
				FRAMEWORK_SEARCH_PATHS = (
					"$(inherited)",
					"$(PROJECT_DIR)/GrowingIOAPICloudPlugin",
				);
				ONLY_ACTIVE_ARCH = NO;
				OTHER_LDFLAGS = "-ObjC";
				PRODUCT_NAME = "$(TARGET_NAME)";
				SKIP_INSTALL = YES;
				TARGETED_DEVICE_FAMILY = "1,2";
			};
			name = Debug;
		};
		42EFFA7E2A2DC90F00DB8A9B /* Release */ = {
			isa = XCBuildConfiguration;
			buildSettings = {
				CODE_SIGN_STYLE = Automatic;
				DEVELOPMENT_TEAM = SXBU677CPT;
				EXCLUDED_ARCHS = "";
				"EXCLUDED_ARCHS[sdk=iphonesimulator*]" = arm64;
				FRAMEWORK_SEARCH_PATHS = (
					"$(inherited)",
					"$(PROJECT_DIR)/GrowingIOAPICloudPlugin",
				);
				OTHER_LDFLAGS = "-ObjC";
				PRODUCT_NAME = "$(TARGET_NAME)";
				SKIP_INSTALL = YES;
				TARGETED_DEVICE_FAMILY = "1,2";
			};
			name = Release;
		};
/* End XCBuildConfiguration section */

/* Begin XCConfigurationList section */
		42EFFA6E2A2DC90F00DB8A9B /* Build configuration list for PBXProject "GrowingIOAPICloudPlugin" */ = {
			isa = XCConfigurationList;
			buildConfigurations = (
				42EFFA7A2A2DC90F00DB8A9B /* Debug */,
				42EFFA7B2A2DC90F00DB8A9B /* Release */,
			);
			defaultConfigurationIsVisible = 0;
			defaultConfigurationName = Release;
		};
		42EFFA7C2A2DC90F00DB8A9B /* Build configuration list for PBXNativeTarget "GrowingIOAPICloudPlugin" */ = {
			isa = XCConfigurationList;
			buildConfigurations = (
				42EFFA7D2A2DC90F00DB8A9B /* Debug */,
				42EFFA7E2A2DC90F00DB8A9B /* Release */,
			);
			defaultConfigurationIsVisible = 0;
			defaultConfigurationName = Release;
		};
/* End XCConfigurationList section */
	};
	rootObject = 42EFFA6B2A2DC90F00DB8A9B /* Project object */;
}
